
Microsoft Visual Studio Solution File, Format Version 12.00
# Visual Studio Version 17
VisualStudioVersion = 17.3.32611.2
MinimumVisualStudioVersion = 10.0.40219.1
Project("{FAE04EC0-301F-11D3-BF4B-00C04F79EFBC}") = "WebApplication", "WebApplication.csproj", "{88B2AE86-D142-4C7A-82D8-02684E5091C8}"
EndProject
Global
	GlobalSection(SolutionConfigurationPlatforms) = preSolution
		Debug|Any CPU = Debug|Any CPU
		Release|Any CPU = Release|Any CPU
	EndGlobalSection
	GlobalSection(ProjectConfigurationPlatforms) = postSolution
		{88B2AE86-D142-4C7A-82D8-02684E5091C8}.Debug|Any CPU.ActiveCfg = Debug|Any CPU
		{88B2AE86-D142-4C7A-82D8-02684E5091C8}.Debug|Any CPU.Build.0 = Debug|Any CPU
		{88B2AE86-D142-4C7A-82D8-02684E5091C8}.Release|Any CPU.ActiveCfg = Release|Any CPU
		{88B2AE86-D142-4C7A-82D8-02684E5091C8}.Release|Any CPU.Build.0 = Release|Any CPU
	EndGlobalSection
	GlobalSection(SolutionProperties) = preSolution
		HideSolutionNode = FALSE
	EndGlobalSection
	GlobalSection(ExtensibilityGlobals) = postSolution
		SolutionGuid = {BDFE666B-5306-4184-A594-4CE90F1F8D47}
	EndGlobalSection
EndGlobal
